// !$*UTF8*$!
{
	archiveVersion = 1;
	classes = {
	};
	objectVersion = 50;
	objects = {

/* Begin PBXBuildFile section */
		2840C9042439E6CB005F0172 /* AppDelegate.swift in Sources */ = {isa = PBXBuildFile; fileRef = 2840C9032439E6CB005F0172 /* AppDelegate.swift */; };
		2840C9062439E6CB005F0172 /* SceneDelegate.swift in Sources */ = {isa = PBXBuildFile; fileRef = 2840C9052439E6CB005F0172 /* SceneDelegate.swift */; };
		2840C9082439E6CB005F0172 /* ViewController.swift in Sources */ = {isa = PBXBuildFile; fileRef = 2840C9072439E6CB005F0172 /* ViewController.swift */; };
		2840C90B2439E6CB005F0172 /* Main.storyboard in Resources */ = {isa = PBXBuildFile; fileRef = 2840C9092439E6CB005F0172 /* Main.storyboard */; };
		2840C90D2439E6CC005F0172 /* Assets.xcassets in Resources */ = {isa = PBXBuildFile; fileRef = 2840C90C2439E6CC005F0172 /* Assets.xcassets */; };
		2840C9102439E6CC005F0172 /* LaunchScreen.storyboard in Resources */ = {isa = PBXBuildFile; fileRef = 2840C90E2439E6CC005F0172 /* LaunchScreen.storyboard */; };
		2840C91C2439E7C7005F0172 /* new.storyboard in Resources */ = {isa = PBXBuildFile; fileRef = 2840C91B2439E7C7005F0172 /* new.storyboard */; };
		2840C9232439E888005F0172 /* Localizable.strings in Resources */ = {isa = PBXBuildFile; fileRef = 2840C9252439E888005F0172 /* Localizable.strings */; };
		2840C9312439EBEA005F0172 /* PopUpViewController.swift in Sources */ = {isa = PBXBuildFile; fileRef = 2840C9302439EBEA005F0172 /* PopUpViewController.swift */; };
/* End PBXBuildFile section */

/* Begin PBXFileReference section */
		2840C9002439E6CB005F0172 /* ios_multi_language_support.app */ = {isa = PBXFileReference; explicitFileType = wrapper.application; includeInIndex = 0; path = ios_multi_language_support.app; sourceTree = BUILT_PRODUCTS_DIR; };
		2840C9032439E6CB005F0172 /* AppDelegate.swift */ = {isa = PBXFileReference; lastKnownFileType = sourcecode.swift; path = AppDelegate.swift; sourceTree = "<group>"; };
		2840C9052439E6CB005F0172 /* SceneDelegate.swift */ = {isa = PBXFileReference; lastKnownFileType = sourcecode.swift; path = SceneDelegate.swift; sourceTree = "<group>"; };
		2840C9072439E6CB005F0172 /* ViewController.swift */ = {isa = PBXFileReference; lastKnownFileType = sourcecode.swift; path = ViewController.swift; sourceTree = "<group>"; };
		2840C90A2439E6CB005F0172 /* Base */ = {isa = PBXFileReference; lastKnownFileType = file.storyboard; name = Base; path = Base.lproj/Main.storyboard; sourceTree = "<group>"; };
		2840C90C2439E6CC005F0172 /* Assets.xcassets */ = {isa = PBXFileReference; lastKnownFileType = folder.assetcatalog; path = Assets.xcassets; sourceTree = "<group>"; };
		2840C90F2439E6CC005F0172 /* Base */ = {isa = PBXFileReference; lastKnownFileType = file.storyboard; name = Base; path = Base.lproj/LaunchScreen.storyboard; sourceTree = "<group>"; };
		2840C9112439E6CC005F0172 /* Info.plist */ = {isa = PBXFileReference; lastKnownFileType = text.plist.xml; path = Info.plist; sourceTree = "<group>"; };
		2840C91B2439E7C7005F0172 /* new.storyboard */ = {isa = PBXFileReference; lastKnownFileType = file.storyboard; path = new.storyboard; sourceTree = "<group>"; };
		2840C9242439E888005F0172 /* en */ = {isa = PBXFileReference; lastKnownFileType = text.plist.strings; name = en; path = en.lproj/Localizable.strings; sourceTree = "<group>"; };
		2840C92A2439EAEC005F0172 /* fr */ = {isa = PBXFileReference; lastKnownFileType = text.plist.strings; name = fr; path = fr.lproj/Main.strings; sourceTree = "<group>"; };
		2840C92B2439EAEC005F0172 /* fr */ = {isa = PBXFileReference; lastKnownFileType = text.plist.strings; name = fr; path = fr.lproj/LaunchScreen.strings; sourceTree = "<group>"; };
		2840C92C2439EAF9005F0172 /* ko */ = {isa = PBXFileReference; lastKnownFileType = text.plist.strings; name = ko; path = ko.lproj/Main.strings; sourceTree = "<group>"; };
		2840C92D2439EAF9005F0172 /* ko */ = {isa = PBXFileReference; lastKnownFileType = text.plist.strings; name = ko; path = ko.lproj/LaunchScreen.strings; sourceTree = "<group>"; };
		2840C92E2439EB07005F0172 /* fr */ = {isa = PBXFileReference; lastKnownFileType = text.plist.strings; name = fr; path = fr.lproj/Localizable.strings; sourceTree = "<group>"; };
		2840C92F2439EB09005F0172 /* ko */ = {isa = PBXFileReference; lastKnownFileType = text.plist.strings; name = ko; path = ko.lproj/Localizable.strings; sourceTree = "<group>"; };
		2840C9302439EBEA005F0172 /* PopUpViewController.swift */ = {isa = PBXFileReference; lastKnownFileType = sourcecode.swift; path = PopUpViewController.swift; sourceTree = "<group>"; };
/* End PBXFileReference section */

/* Begin PBXFrameworksBuildPhase section */
		2840C8FD2439E6CB005F0172 /* Frameworks */ = {
			isa = PBXFrameworksBuildPhase;
			buildActionMask = 2147483647;
			files = (
			);
			runOnlyForDeploymentPostprocessing = 0;
		};
/* End PBXFrameworksBuildPhase section */

/* Begin PBXGroup section */
		2840C8F72439E6CB005F0172 = {
			isa = PBXGroup;
			children = (
				2840C9022439E6CB005F0172 /* ios_multi_language_support */,
				2840C9012439E6CB005F0172 /* Products */,
			);
			sourceTree = "<group>";
		};
		2840C9012439E6CB005F0172 /* Products */ = {
			isa = PBXGroup;
			children = (
				2840C9002439E6CB005F0172 /* ios_multi_language_support.app */,
			);
			name = Products;
			sourceTree = "<group>";
		};
		2840C9022439E6CB005F0172 /* ios_multi_language_support */ = {
			isa = PBXGroup;
			children = (
				2840C9032439E6CB005F0172 /* AppDelegate.swift */,
				2840C9052439E6CB005F0172 /* SceneDelegate.swift */,
				2840C9072439E6CB005F0172 /* ViewController.swift */,
				2840C9302439EBEA005F0172 /* PopUpViewController.swift */,
				2840C9092439E6CB005F0172 /* Main.storyboard */,
				2840C90C2439E6CC005F0172 /* Assets.xcassets */,
				2840C91B2439E7C7005F0172 /* new.storyboard */,
				2840C90E2439E6CC005F0172 /* LaunchScreen.storyboard */,
				2840C9112439E6CC005F0172 /* Info.plist */,
				2840C9252439E888005F0172 /* Localizable.strings */,
			);
			path = ios_multi_language_support;
			sourceTree = "<group>";
		};
/* End PBXGroup section */

/* Begin PBXNativeTarget section */
		2840C8FF2439E6CB005F0172 /* ios_multi_language_support */ = {
			isa = PBXNativeTarget;
			buildConfigurationList = 2840C9142439E6CC005F0172 /* Build configuration list for PBXNativeTarget "ios_multi_language_support" */;
			buildPhases = (
				2840C8FC2439E6CB005F0172 /* Sources */,
				2840C8FD2439E6CB005F0172 /* Frameworks */,
				2840C8FE2439E6CB005F0172 /* Resources */,
			);
			buildRules = (
			);
			dependencies = (
			);
			name = ios_multi_language_support;
			productName = ios_multi_language_support;
			productReference = 2840C9002439E6CB005F0172 /* ios_multi_language_support.app */;
			productType = "com.apple.product-type.application";
		};
/* End PBXNativeTarget section */

/* Begin PBXProject section */
		2840C8F82439E6CB005F0172 /* Project object */ = {
			isa = PBXProject;
			attributes = {
				LastSwiftUpdateCheck = 1140;
				LastUpgradeCheck = 1140;
				ORGANIZATIONNAME = "shin seunghyun";
				TargetAttributes = {
					2840C8FF2439E6CB005F0172 = {
						CreatedOnToolsVersion = 11.4;
					};
				};
			};
			buildConfigurationList = 2840C8FB2439E6CB005F0172 /* Build configuration list for PBXProject "ios_multi_language_support" */;
			compatibilityVersion = "Xcode 9.3";
			developmentRegion = en;
			hasScannedForEncodings = 0;
			knownRegions = (
				en,
				Base,
				fr,
				ko,
			);
			mainGroup = 2840C8F72439E6CB005F0172;
			productRefGroup = 2840C9012439E6CB005F0172 /* Products */;
			projectDirPath = "";
			projectRoot = "";
			targets = (
				2840C8FF2439E6CB005F0172 /* ios_multi_language_support */,
			);
		};
/* End PBXProject section */

/* Begin PBXResourcesBuildPhase section */
		2840C8FE2439E6CB005F0172 /* Resources */ = {
			isa = PBXResourcesBuildPhase;
			buildActionMask = 2147483647;
			files = (
				2840C9232439E888005F0172 /* Localizable.strings in Resources */,
				2840C9102439E6CC005F0172 /* LaunchScreen.storyboard in Resources */,
				2840C90D2439E6CC005F0172 /* Assets.xcassets in Resources */,
				2840C90B2439E6CB005F0172 /* Main.storyboard in Resources */,
				2840C91C2439E7C7005F0172 /* new.storyboard in Resources */,
			);
			runOnlyForDeploymentPostprocessing = 0;
		};
/* End PBXResourcesBuildPhase section */

/* Begin PBXSourcesBuildPhase section */
		2840C8FC2439E6CB005F0172 /* Sources */ = {
			isa = PBXSourcesBuildPhase;
			buildActionMask = 2147483647;
			files = (
				2840C9082439E6CB005F0172 /* ViewController.swift in Sources */,
				2840C9042439E6CB005F0172 /* AppDelegate.swift in Sources */,
				2840C9062439E6CB005F0172 /* SceneDelegate.swift in Sources */,
				2840C9312439EBEA005F0172 /* PopUpViewController.swift in Sources */,
			);
			runOnlyForDeploymentPostprocessing = 0;
		};
/* End PBXSourcesBuildPhase section */

/* Begin PBXVariantGroup section */
		2840C9092439E6CB005F0172 /* Main.storyboard */ = {
			isa = PBXVariantGroup;
			children = (
				2840C90A2439E6CB005F0172 /* Base */,
				2840C92A2439EAEC005F0172 /* fr */,
				2840C92C2439EAF9005F0172 /* ko */,
			);
			name = Main.storyboard;
			sourceTree = "<group>";
		};
		2840C90E2439E6CC005F0172 /* LaunchScreen.storyboard */ = {
			isa = PBXVariantGroup;
			children = (
				2840C90F2439E6CC005F0172 /* Base */,
				2840C92B2439EAEC005F0172 /* fr */,
				2840C92D2439EAF9005F0172 /* ko */,
			);
			name = LaunchScreen.storyboard;
			sourceTree = "<group>";
		};
		2840C9252439E888005F0172 /* Localizable.strings */ = {
			isa = PBXVariantGroup;
			children = (
				2840C9242439E888005F0172 /* en */,
				2840C92E2439EB07005F0172 /* fr */,
				2840C92F2439EB09005F0172 /* ko */,
			);
			name = Localizable.strings;
			sourceTree = "<group>";
		};
/* End PBXVariantGroup section */

/* Begin XCBuildConfiguration section */
		2840C9122439E6CC005F0172 /* Debug */ = {
			isa = XCBuildConfiguration;
			buildSettings = {
				ALWAYS_SEARCH_USER_PATHS = NO;
				CLANG_ANALYZER_LOCALIZABILITY_NONLOCALIZED = YES;
				CLANG_ANALYZER_NONNULL = YES;
				CLANG_ANALYZER_NUMBER_OBJECT_CONVERSION = YES_AGGRESSIVE;
				CLANG_CXX_LANGUAGE_STANDARD = "gnu++14";
				CLANG_CXX_LIBRARY = "libc++";
				CLANG_ENABLE_MODULES = YES;
				CLANG_ENABLE_OBJC_ARC = YES;
				CLANG_ENABLE_OBJC_WEAK = YES;
				CLANG_WARN_BLOCK_CAPTURE_AUTORELEASING = YES;
				CLANG_WARN_BOOL_CONVERSION = YES;
				CLANG_WARN_COMMA = YES;
				CLANG_WARN_CONSTANT_CONVERSION = YES;
				CLANG_WARN_DEPRECATED_OBJC_IMPLEMENTATIONS = YES;
				CLANG_WARN_DIRECT_OBJC_ISA_USAGE = YES_ERROR;
				CLANG_WARN_DOCUMENTATION_COMMENTS = YES;
				CLANG_WARN_EMPTY_BODY = YES;
				CLANG_WARN_ENUM_CONVERSION = YES;
				CLANG_WARN_INFINITE_RECURSION = YES;
				CLANG_WARN_INT_CONVERSION = YES;
				CLANG_WARN_NON_LITERAL_NULL_CONVERSION = YES;
				CLANG_WARN_OBJC_IMPLICIT_RETAIN_SELF = YES;
				CLANG_WARN_OBJC_LITERAL_CONVERSION = YES;
				CLANG_WARN_OBJC_ROOT_CLASS = YES_ERROR;
				CLANG_WARN_RANGE_LOOP_ANALYSIS = YES;
				CLANG_WARN_STRICT_PROTOTYPES = YES;
				CLANG_WARN_SUSPICIOUS_MOVE = YES;
				CLANG_WARN_UNGUARDED_AVAILABILITY = YES_AGGRESSIVE;
				CLANG_WARN_UNREACHABLE_CODE = YES;
				CLANG_WARN__DUPLICATE_METHOD_MATCH = YES;
				COPY_PHASE_STRIP = NO;
				DEBUG_INFORMATION_FORMAT = dwarf;
				ENABLE_STRICT_OBJC_MSGSEND = YES;
				ENABLE_TESTABILITY = YES;
				GCC_C_LANGUAGE_STANDARD = gnu11;
				GCC_DYNAMIC_NO_PIC = NO;
				GCC_NO_COMMON_BLOCKS = YES;
				GCC_OPTIMIZATION_LEVEL = 0;
				GCC_PREPROCESSOR_DEFINITIONS = (
					"DEBUG=1",
					"$(inherited)",
				);
				GCC_WARN_64_TO_32_BIT_CONVERSION = YES;
				GCC_WARN_ABOUT_RETURN_TYPE = YES_ERROR;
				GCC_WARN_UNDECLARED_SELECTOR = YES;
				GCC_WARN_UNINITIALIZED_AUTOS = YES_AGGRESSIVE;
				GCC_WARN_UNUSED_FUNCTION = YES;
				GCC_WARN_UNUSED_VARIABLE = YES;
				IPHONEOS_DEPLOYMENT_TARGET = 13.4;
				MTL_ENABLE_DEBUG_INFO = INCLUDE_SOURCE;
				MTL_FAST_MATH = YES;
				ONLY_ACTIVE_ARCH = YES;
				SDKROOT = iphoneos;
				SWIFT_ACTIVE_COMPILATION_CONDITIONS = DEBUG;
				SWIFT_OPTIMIZATION_LEVEL = "-Onone";
			};
			name = Debug;
		};
		2840C9132439E6CC005F0172 /* Release */ = {
			isa = XCBuildConfiguration;
			buildSettings = {
				ALWAYS_SEARCH_USER_PATHS = NO;
				CLANG_ANALYZER_LOCALIZABILITY_NONLOCALIZED = YES;
				CLANG_ANALYZER_NONNULL = YES;
				CLANG_ANALYZER_NUMBER_OBJECT_CONVERSION = YES_AGGRESSIVE;
				CLANG_CXX_LANGUAGE_STANDARD = "gnu++14";
				CLANG_CXX_LIBRARY = "libc++";
				CLANG_ENABLE_MODULES = YES;
				CLANG_ENABLE_OBJC_ARC = YES;
				CLANG_ENABLE_OBJC_WEAK = YES;
				CLANG_WARN_BLOCK_CAPTURE_AUTORELEASING = YES;
				CLANG_WARN_BOOL_CONVERSION = YES;
				CLANG_WARN_COMMA = YES;
				CLANG_WARN_CONSTANT_CONVERSION = YES;
				CLANG_WARN_DEPRECATED_OBJC_IMPLEMENTATIONS = YES;
				CLANG_WARN_DIRECT_OBJC_ISA_USAGE = YES_ERROR;
				CLANG_WARN_DOCUMENTATION_COMMENTS = YES;
				CLANG_WARN_EMPTY_BODY = YES;
				CLANG_WARN_ENUM_CONVERSION = YES;
				CLANG_WARN_INFINITE_RECURSION = YES;
				CLANG_WARN_INT_CONVERSION = YES;
				CLANG_WARN_NON_LITERAL_NULL_CONVERSION = YES;
				CLANG_WARN_OBJC_IMPLICIT_RETAIN_SELF = YES;
				CLANG_WARN_OBJC_LITERAL_CONVERSION = YES;
				CLANG_WARN_OBJC_ROOT_CLASS = YES_ERROR;
				CLANG_WARN_RANGE_LOOP_ANALYSIS = YES;
				CLANG_WARN_STRICT_PROTOTYPES = YES;
				CLANG_WARN_SUSPICIOUS_MOVE = YES;
				CLANG_WARN_UNGUARDED_AVAILABILITY = YES_AGGRESSIVE;
				CLANG_WARN_UNREACHABLE_CODE = YES;
				CLANG_WARN__DUPLICATE_METHOD_MATCH = YES;
				COPY_PHASE_STRIP = NO;
				DEBUG_INFORMATION_FORMAT = "dwarf-with-dsym";
				ENABLE_NS_ASSERTIONS = NO;
				ENABLE_STRICT_OBJC_MSGSEND = YES;
				GCC_C_LANGUAGE_STANDARD = gnu11;
				GCC_NO_COMMON_BLOCKS = YES;
				GCC_WARN_64_TO_32_BIT_CONVERSION = YES;
				GCC_WARN_ABOUT_RETURN_TYPE = YES_ERROR;
				GCC_WARN_UNDECLARED_SELECTOR = YES;
				GCC_WARN_UNINITIALIZED_AUTOS = YES_AGGRESSIVE;
				GCC_WARN_UNUSED_FUNCTION = YES;
				GCC_WARN_UNUSED_VARIABLE = YES;
				IPHONEOS_DEPLOYMENT_TARGET = 13.4;
				MTL_ENABLE_DEBUG_INFO = NO;
				MTL_FAST_MATH = YES;
				SDKROOT = iphoneos;
				SWIFT_COMPILATION_MODE = wholemodule;
				SWIFT_OPTIMIZATION_LEVEL = "-O";
				VALIDATE_PRODUCT = YES;
			};
			name = Release;
		};
		2840C9152439E6CC005F0172 /* Debug */ = {
			isa = XCBuildConfiguration;
			buildSettings = {
				ASSETCATALOG_COMPILER_APPICON_NAME = AppIcon;
				CODE_SIGN_STYLE = Automatic;
				INFOPLIST_FILE = ios_multi_language_support/Info.plist;
				LD_RUNPATH_SEARCH_PATHS = (
					"$(inherited)",
					"@executable_path/Frameworks",
				);
				PRODUCT_BUNDLE_IDENTIFIER = "any.ios-multi-language-support";
				PRODUCT_NAME = "$(TARGET_NAME)";
				SWIFT_VERSION = 5.0;
				TARGETED_DEVICE_FAMILY = "1,2";
			};
			name = Debug;
		};
		2840C9162439E6CC005F0172 /* Release */ = {
			isa = XCBuildConfiguration;
			buildSettings = {
				ASSETCATALOG_COMPILER_APPICON_NAME = AppIcon;
				CODE_SIGN_STYLE = Automatic;
				INFOPLIST_FILE = ios_multi_language_support/Info.plist;
				LD_RUNPATH_SEARCH_PATHS = (
					"$(inherited)",
					"@executable_path/Frameworks",
				);
				PRODUCT_BUNDLE_IDENTIFIER = "any.ios-multi-language-support";
				PRODUCT_NAME = "$(TARGET_NAME)";
				SWIFT_VERSION = 5.0;
				TARGETED_DEVICE_FAMILY = "1,2";
			};
			name = Release;
		};
/* End XCBuildConfiguration section */

/* Begin XCConfigurationList section */
		2840C8FB2439E6CB005F0172 /* Build configuration list for PBXProject "ios_multi_language_support" */ = {
			isa = XCConfigurationList;
			buildConfigurations = (
				2840C9122439E6CC005F0172 /* Debug */,
				2840C9132439E6CC005F0172 /* Release */,
			);
			defaultConfigurationIsVisible = 0;
			defaultConfigurationName = Release;
		};
		2840C9142439E6CC005F0172 /* Build configuration list for PBXNativeTarget "ios_multi_language_support" */ = {
			isa = XCConfigurationList;
			buildConfigurations = (
				2840C9152439E6CC005F0172 /* Debug */,
				2840C9162439E6CC005F0172 /* Release */,
			);
			defaultConfigurationIsVisible = 0;
			defaultConfigurationName = Release;
		};
/* End XCConfigurationList section */
	};
	rootObject = 2840C8F82439E6CB005F0172 /* Project object */;
}
